
Microsoft Visual Studio Solution File, Format Version 12.00
# Visual Studio 15
VisualStudioVersion = 15.0.28307.1145
MinimumVisualStudioVersion = 10.0.40219.1
Project("{FAE04EC0-301F-11D3-BF4B-00C04F79EFBC}") = "M9-1", "M9-1\M9-1.csproj", "{052AF059-27A0-4EDA-9E56-33D754E25388}"
EndProject
Project("{FAE04EC0-301F-11D3-BF4B-00C04F79EFBC}") = "M9-2", "M9-2\M9-2.csproj", "{96C8B557-E70B-475C-9BCB-6F0D4F6D6D0F}"
EndProject
Project("{FAE04EC0-301F-11D3-BF4B-00C04F79EFBC}") = "M9-4", "M9-4\M9-4.csproj", "{4F4B7CBA-6BD9-423F-A2E9-4F8B4B0AF485}"
EndProject
Project("{FAE04EC0-301F-11D3-BF4B-00C04F79EFBC}") = "M9-5", "M9-5\M9-5.csproj", "{AED9FD6F-1A25-41D6-9C9F-D4F5383A8DAB}"
EndProject
Project("{FAE04EC0-301F-11D3-BF4B-00C04F79EFBC}") = "M9-6", "M9-6\M9-6.csproj", "{85AA0969-BB28-4767-9B0E-05643B13F49F}"
EndProject
Project("{FAE04EC0-301F-11D3-BF4B-00C04F79EFBC}") = "M9-7", "M9-7\M9-7.csproj", "{C1F468B1-24C9-4B2F-B472-6D8CB557AD94}"
EndProject
Global
	GlobalSection(SolutionConfigurationPlatforms) = preSolution
		Debug|Any CPU = Debug|Any CPU
		Release|Any CPU = Release|Any CPU
	EndGlobalSection
	GlobalSection(ProjectConfigurationPlatforms) = postSolution
		{052AF059-27A0-4EDA-9E56-33D754E25388}.Debug|Any CPU.ActiveCfg = Debug|Any CPU
		{052AF059-27A0-4EDA-9E56-33D754E25388}.Debug|Any CPU.Build.0 = Debug|Any CPU
		{052AF059-27A0-4EDA-9E56-33D754E25388}.Release|Any CPU.ActiveCfg = Release|Any CPU
		{052AF059-27A0-4EDA-9E56-33D754E25388}.Release|Any CPU.Build.0 = Release|Any CPU
		{96C8B557-E70B-475C-9BCB-6F0D4F6D6D0F}.Debug|Any CPU.ActiveCfg = Debug|Any CPU
		{96C8B557-E70B-475C-9BCB-6F0D4F6D6D0F}.Debug|Any CPU.Build.0 = Debug|Any CPU
		{96C8B557-E70B-475C-9BCB-6F0D4F6D6D0F}.Release|Any CPU.ActiveCfg = Release|Any CPU
		{96C8B557-E70B-475C-9BCB-6F0D4F6D6D0F}.Release|Any CPU.Build.0 = Release|Any CPU
		{4F4B7CBA-6BD9-423F-A2E9-4F8B4B0AF485}.Debug|Any CPU.ActiveCfg = Debug|Any CPU
		{4F4B7CBA-6BD9-423F-A2E9-4F8B4B0AF485}.Debug|Any CPU.Build.0 = Debug|Any CPU
		{4F4B7CBA-6BD9-423F-A2E9-4F8B4B0AF485}.Release|Any CPU.ActiveCfg = Release|Any CPU
		{4F4B7CBA-6BD9-423F-A2E9-4F8B4B0AF485}.Release|Any CPU.Build.0 = Release|Any CPU
		{AED9FD6F-1A25-41D6-9C9F-D4F5383A8DAB}.Debug|Any CPU.ActiveCfg = Debug|Any CPU
		{AED9FD6F-1A25-41D6-9C9F-D4F5383A8DAB}.Debug|Any CPU.Build.0 = Debug|Any CPU
		{AED9FD6F-1A25-41D6-9C9F-D4F5383A8DAB}.Release|Any CPU.ActiveCfg = Release|Any CPU
		{AED9FD6F-1A25-41D6-9C9F-D4F5383A8DAB}.Release|Any CPU.Build.0 = Release|Any CPU
		{85AA0969-BB28-4767-9B0E-05643B13F49F}.Debug|Any CPU.ActiveCfg = Debug|Any CPU
		{85AA0969-BB28-4767-9B0E-05643B13F49F}.Debug|Any CPU.Build.0 = Debug|Any CPU
		{85AA0969-BB28-4767-9B0E-05643B13F49F}.Release|Any CPU.ActiveCfg = Release|Any CPU
		{85AA0969-BB28-4767-9B0E-05643B13F49F}.Release|Any CPU.Build.0 = Release|Any CPU
		{C1F468B1-24C9-4B2F-B472-6D8CB557AD94}.Debug|Any CPU.ActiveCfg = Debug|Any CPU
		{C1F468B1-24C9-4B2F-B472-6D8CB557AD94}.Debug|Any CPU.Build.0 = Debug|Any CPU
		{C1F468B1-24C9-4B2F-B472-6D8CB557AD94}.Release|Any CPU.ActiveCfg = Release|Any CPU
		{C1F468B1-24C9-4B2F-B472-6D8CB557AD94}.Release|Any CPU.Build.0 = Release|Any CPU
	EndGlobalSection
	GlobalSection(SolutionProperties) = preSolution
		HideSolutionNode = FALSE
	EndGlobalSection
	GlobalSection(ExtensibilityGlobals) = postSolution
		SolutionGuid = {E97D40B9-6819-47A5-9862-834A7EA61B1A}
	EndGlobalSection
EndGlobal
